
Microsoft Visual Studio Solution File, Format Version 12.00
# Visual Studio Version 17
VisualStudioVersion = 17.4.33403.182
MinimumVisualStudioVersion = 10.0.40219.1
Project("{FAE04EC0-301F-11D3-BF4B-00C04F79EFBC}") = "Project1", "Project1\Project1.csproj", "{61F621EE-4C05-403A-B694-8394AE81DE54}"
EndProject
Global
	GlobalSection(SolutionConfigurationPlatforms) = preSolution
		Debug|Any CPU = Debug|Any CPU
		Release|Any CPU = Release|Any CPU
	EndGlobalSection
	GlobalSection(ProjectConfigurationPlatforms) = postSolution
		{61F621EE-4C05-403A-B694-8394AE81DE54}.Debug|Any CPU.ActiveCfg = Debug|Any CPU
		{61F621EE-4C05-403A-B694-8394AE81DE54}.Debug|Any CPU.Build.0 = Debug|Any CPU
		{61F621EE-4C05-403A-B694-8394AE81DE54}.Release|Any CPU.ActiveCfg = Release|Any CPU
		{61F621EE-4C05-403A-B694-8394AE81DE54}.Release|Any CPU.Build.0 = Release|Any CPU
	EndGlobalSection
	GlobalSection(SolutionProperties) = preSolution
		HideSolutionNode = FALSE
	EndGlobalSection
	GlobalSection(ExtensibilityGlobals) = postSolution
		SolutionGuid = {320E1D09-F98D-40A5-838C-FF3C58197312}
	EndGlobalSection
EndGlobal
